
Microsoft Visual Studio Solution File, Format Version 12.00
# Visual Studio Version 17
VisualStudioVersion = 17.13.35828.75 d17.13
MinimumVisualStudioVersion = 10.0.40219.1
Project("{FAE04EC0-301F-11D3-BF4B-00C04F79EFBC}") = "MyFirstwebAPI", "MyFirstwebAPI\MyFirstwebAPI.csproj", "{A184336F-2526-47FE-8B17-AF1A9FE71D59}"
EndProject
Global
	GlobalSection(SolutionConfigurationPlatforms) = preSolution
		Debug|Any CPU = Debug|Any CPU
		Release|Any CPU = Release|Any CPU
	EndGlobalSection
	GlobalSection(ProjectConfigurationPlatforms) = postSolution
		{A184336F-2526-47FE-8B17-AF1A9FE71D59}.Debug|Any CPU.ActiveCfg = Debug|Any CPU
		{A184336F-2526-47FE-8B17-AF1A9FE71D59}.Debug|Any CPU.Build.0 = Debug|Any CPU
		{A184336F-2526-47FE-8B17-AF1A9FE71D59}.Release|Any CPU.ActiveCfg = Release|Any CPU
		{A184336F-2526-47FE-8B17-AF1A9FE71D59}.Release|Any CPU.Build.0 = Release|Any CPU
	EndGlobalSection
	GlobalSection(SolutionProperties) = preSolution
		HideSolutionNode = FALSE
	EndGlobalSection
	GlobalSection(ExtensibilityGlobals) = postSolution
		SolutionGuid = {C37AF86A-912B-4A04-A0BF-20597D9C0ED9}
	EndGlobalSection
EndGlobal
